
Microsoft Visual Studio Solution File, Format Version 12.00
# Visual Studio Version 16
VisualStudioVersion = 16.0.31829.152
MinimumVisualStudioVersion = 10.0.40219.1
Project("{8BC9CEB8-8B4A-11D0-8D11-00A0C91BC942}") = "Speech Competition Process Management System", "Speech Competition Process Management System\Speech Competition Process Management System.vcxproj", "{816F71A4-DAB1-4BB6-8D31-39CDB74CE05C}"
EndProject
Global
	GlobalSection(SolutionConfigurationPlatforms) = preSolution
		Debug|x64 = Debug|x64
		Debug|x86 = Debug|x86
		Release|x64 = Release|x64
		Release|x86 = Release|x86
	EndGlobalSection
	GlobalSection(ProjectConfigurationPlatforms) = postSolution
		{816F71A4-DAB1-4BB6-8D31-39CDB74CE05C}.Debug|x64.ActiveCfg = Debug|x64
		{816F71A4-DAB1-4BB6-8D31-39CDB74CE05C}.Debug|x64.Build.0 = Debug|x64
		{816F71A4-DAB1-4BB6-8D31-39CDB74CE05C}.Debug|x86.ActiveCfg = Debug|Win32
		{816F71A4-DAB1-4BB6-8D31-39CDB74CE05C}.Debug|x86.Build.0 = Debug|Win32
		{816F71A4-DAB1-4BB6-8D31-39CDB74CE05C}.Release|x64.ActiveCfg = Release|x64
		{816F71A4-DAB1-4BB6-8D31-39CDB74CE05C}.Release|x64.Build.0 = Release|x64
		{816F71A4-DAB1-4BB6-8D31-39CDB74CE05C}.Release|x86.ActiveCfg = Release|Win32
		{816F71A4-DAB1-4BB6-8D31-39CDB74CE05C}.Release|x86.Build.0 = Release|Win32
	EndGlobalSection
	GlobalSection(SolutionProperties) = preSolution
		HideSolutionNode = FALSE
	EndGlobalSection
	GlobalSection(ExtensibilityGlobals) = postSolution
		SolutionGuid = {DEE891F8-A9C9-4438-BD2E-C404379E3142}
	EndGlobalSection
EndGlobal
